
Microsoft Visual Studio Solution File, Format Version 12.00
# Visual Studio Version 16
VisualStudioVersion = 16.0.30717.126
MinimumVisualStudioVersion = 10.0.40219.1
Project("{FAE04EC0-301F-11D3-BF4B-00C04F79EFBC}") = "OpenWeatherMapApiApp.UWP", "OpenWeatherMapApiApp.UWP\OpenWeatherMapApiApp.UWP.csproj", "{E7EA0339-F24B-414C-BB0F-2F6B6318DF71}"
EndProject
Project("{FAE04EC0-301F-11D3-BF4B-00C04F79EFBC}") = "OpenWeatherMapApiApp.Android", "OpenWeatherMapApiApp.Android\OpenWeatherMapApiApp.Android.csproj", "{10DF2C64-C764-40E1-9B8C-FF69964AD4B6}"
EndProject
Project("{FAE04EC0-301F-11D3-BF4B-00C04F79EFBC}") = "OpenWeatherMapApiApp.iOS", "OpenWeatherMapApiApp.iOS\OpenWeatherMapApiApp.iOS.csproj", "{6DDACCAF-C90C-4107-A6CF-860BBE6AF634}"
EndProject
Project("{FAE04EC0-301F-11D3-BF4B-00C04F79EFBC}") = "OpenWeatherMapApiApp", "OpenWeatherMapApiApp\OpenWeatherMapApiApp.csproj", "{183B47A1-D35B-4E5A-A99C-C68D677933A1}"
EndProject
Global
	GlobalSection(SolutionConfigurationPlatforms) = preSolution
		Debug|Any CPU = Debug|Any CPU
		Debug|ARM = Debug|ARM
		Debug|iPhone = Debug|iPhone
		Debug|iPhoneSimulator = Debug|iPhoneSimulator
		Debug|x64 = Debug|x64
		Debug|x86 = Debug|x86
		Release|Any CPU = Release|Any CPU
		Release|ARM = Release|ARM
		Release|iPhone = Release|iPhone
		Release|iPhoneSimulator = Release|iPhoneSimulator
		Release|x64 = Release|x64
		Release|x86 = Release|x86
	EndGlobalSection
	GlobalSection(ProjectConfigurationPlatforms) = postSolution
		{E7EA0339-F24B-414C-BB0F-2F6B6318DF71}.Debug|Any CPU.ActiveCfg = Debug|x86
		{E7EA0339-F24B-414C-BB0F-2F6B6318DF71}.Debug|Any CPU.Build.0 = Debug|x86
		{E7EA0339-F24B-414C-BB0F-2F6B6318DF71}.Debug|Any CPU.Deploy.0 = Debug|x86
		{E7EA0339-F24B-414C-BB0F-2F6B6318DF71}.Debug|ARM.ActiveCfg = Debug|ARM
		{E7EA0339-F24B-414C-BB0F-2F6B6318DF71}.Debug|ARM.Build.0 = Debug|ARM
		{E7EA0339-F24B-414C-BB0F-2F6B6318DF71}.Debug|ARM.Deploy.0 = Debug|ARM
		{E7EA0339-F24B-414C-BB0F-2F6B6318DF71}.Debug|iPhone.ActiveCfg = Debug|x86
		{E7EA0339-F24B-414C-BB0F-2F6B6318DF71}.Debug|iPhone.Build.0 = Debug|x86
		{E7EA0339-F24B-414C-BB0F-2F6B6318DF71}.Debug|iPhone.Deploy.0 = Debug|x86
		{E7EA0339-F24B-414C-BB0F-2F6B6318DF71}.Debug|iPhoneSimulator.ActiveCfg = Debug|x86
		{E7EA0339-F24B-414C-BB0F-2F6B6318DF71}.Debug|iPhoneSimulator.Build.0 = Debug|x86
		{E7EA0339-F24B-414C-BB0F-2F6B6318DF71}.Debug|iPhoneSimulator.Deploy.0 = Debug|x86
		{E7EA0339-F24B-414C-BB0F-2F6B6318DF71}.Debug|x64.ActiveCfg = Debug|x64
		{E7EA0339-F24B-414C-BB0F-2F6B6318DF71}.Debug|x64.Build.0 = Debug|x64
		{E7EA0339-F24B-414C-BB0F-2F6B6318DF71}.Debug|x64.Deploy.0 = Debug|x64
		{E7EA0339-F24B-414C-BB0F-2F6B6318DF71}.Debug|x86.ActiveCfg = Debug|x86
		{E7EA0339-F24B-414C-BB0F-2F6B6318DF71}.Debug|x86.Build.0 = Debug|x86
		{E7EA0339-F24B-414C-BB0F-2F6B6318DF71}.Debug|x86.Deploy.0 = Debug|x86
		{E7EA0339-F24B-414C-BB0F-2F6B6318DF71}.Release|Any CPU.ActiveCfg = Release|x86
		{E7EA0339-F24B-414C-BB0F-2F6B6318DF71}.Release|Any CPU.Build.0 = Release|x86
		{E7EA0339-F24B-414C-BB0F-2F6B6318DF71}.Release|Any CPU.Deploy.0 = Release|x86
		{E7EA0339-F24B-414C-BB0F-2F6B6318DF71}.Release|ARM.ActiveCfg = Release|ARM
		{E7EA0339-F24B-414C-BB0F-2F6B6318DF71}.Release|ARM.Build.0 = Release|ARM
		{E7EA0339-F24B-414C-BB0F-2F6B6318DF71}.Release|ARM.Deploy.0 = Release|ARM
		{E7EA0339-F24B-414C-BB0F-2F6B6318DF71}.Release|iPhone.ActiveCfg = Release|x86
		{E7EA0339-F24B-414C-BB0F-2F6B6318DF71}.Release|iPhone.Build.0 = Release|x86
		{E7EA0339-F24B-414C-BB0F-2F6B6318DF71}.Release|iPhone.Deploy.0 = Release|x86
		{E7EA0339-F24B-414C-BB0F-2F6B6318DF71}.Release|iPhoneSimulator.ActiveCfg = Release|x86
		{E7EA0339-F24B-414C-BB0F-2F6B6318DF71}.Release|iPhoneSimulator.Build.0 = Release|x86
		{E7EA0339-F24B-414C-BB0F-2F6B6318DF71}.Release|iPhoneSimulator.Deploy.0 = Release|x86
		{E7EA0339-F24B-414C-BB0F-2F6B6318DF71}.Release|x64.ActiveCfg = Release|x64
		{E7EA0339-F24B-414C-BB0F-2F6B6318DF71}.Release|x64.Build.0 = Release|x64
		{E7EA0339-F24B-414C-BB0F-2F6B6318DF71}.Release|x64.Deploy.0 = Release|x64
		{E7EA0339-F24B-414C-BB0F-2F6B6318DF71}.Release|x86.ActiveCfg = Release|x86
		{E7EA0339-F24B-414C-BB0F-2F6B6318DF71}.Release|x86.Build.0 = Release|x86
		{E7EA0339-F24B-414C-BB0F-2F6B6318DF71}.Release|x86.Deploy.0 = Release|x86
		{10DF2C64-C764-40E1-9B8C-FF69964AD4B6}.Debug|Any CPU.ActiveCfg = Debug|Any CPU
		{10DF2C64-C764-40E1-9B8C-FF69964AD4B6}.Debug|Any CPU.Build.0 = Debug|Any CPU
		{10DF2C64-C764-40E1-9B8C-FF69964AD4B6}.Debug|Any CPU.Deploy.0 = Debug|Any CPU
		{10DF2C64-C764-40E1-9B8C-FF69964AD4B6}.Debug|ARM.ActiveCfg = Debug|Any CPU
		{10DF2C64-C764-40E1-9B8C-FF69964AD4B6}.Debug|ARM.Build.0 = Debug|Any CPU
		{10DF2C64-C764-40E1-9B8C-FF69964AD4B6}.Debug|ARM.Deploy.0 = Debug|Any CPU
		{10DF2C64-C764-40E1-9B8C-FF69964AD4B6}.Debug|iPhone.ActiveCfg = Debug|Any CPU
		{10DF2C64-C764-40E1-9B8C-FF69964AD4B6}.Debug|iPhone.Build.0 = Debug|Any CPU
		{10DF2C64-C764-40E1-9B8C-FF69964AD4B6}.Debug|iPhone.Deploy.0 = Debug|Any CPU
		{10DF2C64-C764-40E1-9B8C-FF69964AD4B6}.Debug|iPhoneSimulator.ActiveCfg = Debug|Any CPU
		{10DF2C64-C764-40E1-9B8C-FF69964AD4B6}.Debug|iPhoneSimulator.Build.0 = Debug|Any CPU
		{10DF2C64-C764-40E1-9B8C-FF69964AD4B6}.Debug|iPhoneSimulator.Deploy.0 = Debug|Any CPU
		{10DF2C64-C764-40E1-9B8C-FF69964AD4B6}.Debug|x64.ActiveCfg = Debug|Any CPU
		{10DF2C64-C764-40E1-9B8C-FF69964AD4B6}.Debug|x64.Build.0 = Debug|Any CPU
		{10DF2C64-C764-40E1-9B8C-FF69964AD4B6}.Debug|x64.Deploy.0 = Debug|Any CPU
		{10DF2C64-C764-40E1-9B8C-FF69964AD4B6}.Debug|x86.ActiveCfg = Debug|Any CPU
		{10DF2C64-C764-40E1-9B8C-FF69964AD4B6}.Debug|x86.Build.0 = Debug|Any CPU
		{10DF2C64-C764-40E1-9B8C-FF69964AD4B6}.Debug|x86.Deploy.0 = Debug|Any CPU
		{10DF2C64-C764-40E1-9B8C-FF69964AD4B6}.Release|Any CPU.ActiveCfg = Release|Any CPU
		{10DF2C64-C764-40E1-9B8C-FF69964AD4B6}.Release|Any CPU.Build.0 = Release|Any CPU
		{10DF2C64-C764-40E1-9B8C-FF69964AD4B6}.Release|Any CPU.Deploy.0 = Release|Any CPU
		{10DF2C64-C764-40E1-9B8C-FF69964AD4B6}.Release|ARM.ActiveCfg = Release|Any CPU
		{10DF2C64-C764-40E1-9B8C-FF69964AD4B6}.Release|ARM.Build.0 = Release|Any CPU
		{10DF2C64-C764-40E1-9B8C-FF69964AD4B6}.Release|ARM.Deploy.0 = Release|Any CPU
		{10DF2C64-C764-40E1-9B8C-FF69964AD4B6}.Release|iPhone.ActiveCfg = Release|Any CPU
		{10DF2C64-C764-40E1-9B8C-FF69964AD4B6}.Release|iPhone.Build.0 = Release|Any CPU
		{10DF2C64-C764-40E1-9B8C-FF69964AD4B6}.Release|iPhone.Deploy.0 = Release|Any CPU
		{10DF2C64-C764-40E1-9B8C-FF69964AD4B6}.Release|iPhoneSimulator.ActiveCfg = Release|Any CPU
		{10DF2C64-C764-40E1-9B8C-FF69964AD4B6}.Release|iPhoneSimulator.Build.0 = Release|Any CPU
		{10DF2C64-C764-40E1-9B8C-FF69964AD4B6}.Release|iPhoneSimulator.Deploy.0 = Release|Any CPU
		{10DF2C64-C764-40E1-9B8C-FF69964AD4B6}.Release|x64.ActiveCfg = Release|Any CPU
		{10DF2C64-C764-40E1-9B8C-FF69964AD4B6}.Release|x64.Build.0 = Release|Any CPU
		{10DF2C64-C764-40E1-9B8C-FF69964AD4B6}.Release|x64.Deploy.0 = Release|Any CPU
		{10DF2C64-C764-40E1-9B8C-FF69964AD4B6}.Release|x86.ActiveCfg = Release|Any CPU
		{10DF2C64-C764-40E1-9B8C-FF69964AD4B6}.Release|x86.Build.0 = Release|Any CPU
		{10DF2C64-C764-40E1-9B8C-FF69964AD4B6}.Release|x86.Deploy.0 = Release|Any CPU
		{6DDACCAF-C90C-4107-A6CF-860BBE6AF634}.Debug|Any CPU.ActiveCfg = Debug|iPhoneSimulator
		{6DDACCAF-C90C-4107-A6CF-860BBE6AF634}.Debug|Any CPU.Build.0 = Debug|iPhoneSimulator
		{6DDACCAF-C90C-4107-A6CF-860BBE6AF634}.Debug|Any CPU.Deploy.0 = Debug|iPhoneSimulator
		{6DDACCAF-C90C-4107-A6CF-860BBE6AF634}.Debug|ARM.ActiveCfg = Debug|iPhone
		{6DDACCAF-C90C-4107-A6CF-860BBE6AF634}.Debug|ARM.Build.0 = Debug|iPhone
		{6DDACCAF-C90C-4107-A6CF-860BBE6AF634}.Debug|ARM.Deploy.0 = Debug|iPhone
		{6DDACCAF-C90C-4107-A6CF-860BBE6AF634}.Debug|iPhone.ActiveCfg = Debug|iPhone
		{6DDACCAF-C90C-4107-A6CF-860BBE6AF634}.Debug|iPhone.Build.0 = Debug|iPhone
		{6DDACCAF-C90C-4107-A6CF-860BBE6AF634}.Debug|iPhone.Deploy.0 = Debug|iPhone
		{6DDACCAF-C90C-4107-A6CF-860BBE6AF634}.Debug|iPhoneSimulator.ActiveCfg = Debug|iPhoneSimulator
		{6DDACCAF-C90C-4107-A6CF-860BBE6AF634}.Debug|iPhoneSimulator.Build.0 = Debug|iPhoneSimulator
		{6DDACCAF-C90C-4107-A6CF-860BBE6AF634}.Debug|iPhoneSimulator.Deploy.0 = Debug|iPhoneSimulator
		{6DDACCAF-C90C-4107-A6CF-860BBE6AF634}.Debug|x64.ActiveCfg = Debug|iPhoneSimulator
		{6DDACCAF-C90C-4107-A6CF-860BBE6AF634}.Debug|x64.Build.0 = Debug|iPhoneSimulator
		{6DDACCAF-C90C-4107-A6CF-860BBE6AF634}.Debug|x64.Deploy.0 = Debug|iPhoneSimulator
		{6DDACCAF-C90C-4107-A6CF-860BBE6AF634}.Debug|x86.ActiveCfg = Debug|iPhoneSimulator
		{6DDACCAF-C90C-4107-A6CF-860BBE6AF634}.Debug|x86.Build.0 = Debug|iPhoneSimulator
		{6DDACCAF-C90C-4107-A6CF-860BBE6AF634}.Debug|x86.Deploy.0 = Debug|iPhoneSimulator
		{6DDACCAF-C90C-4107-A6CF-860BBE6AF634}.Release|Any CPU.ActiveCfg = Release|iPhoneSimulator
		{6DDACCAF-C90C-4107-A6CF-860BBE6AF634}.Release|Any CPU.Build.0 = Release|iPhoneSimulator
		{6DDACCAF-C90C-4107-A6CF-860BBE6AF634}.Release|Any CPU.Deploy.0 = Release|iPhoneSimulator
		{6DDACCAF-C90C-4107-A6CF-860BBE6AF634}.Release|ARM.ActiveCfg = Release|iPhoneSimulator
		{6DDACCAF-C90C-4107-A6CF-860BBE6AF634}.Release|ARM.Build.0 = Release|iPhoneSimulator
		{6DDACCAF-C90C-4107-A6CF-860BBE6AF634}.Release|ARM.Deploy.0 = Release|iPhoneSimulator
		{6DDACCAF-C90C-4107-A6CF-860BBE6AF634}.Release|iPhone.ActiveCfg = Release|iPhone
		{6DDACCAF-C90C-4107-A6CF-860BBE6AF634}.Release|iPhone.Build.0 = Release|iPhone
		{6DDACCAF-C90C-4107-A6CF-860BBE6AF634}.Release|iPhone.Deploy.0 = Release|iPhone
		{6DDACCAF-C90C-4107-A6CF-860BBE6AF634}.Release|iPhoneSimulator.ActiveCfg = Release|iPhoneSimulator
		{6DDACCAF-C90C-4107-A6CF-860BBE6AF634}.Release|iPhoneSimulator.Build.0 = Release|iPhoneSimulator
		{6DDACCAF-C90C-4107-A6CF-860BBE6AF634}.Release|iPhoneSimulator.Deploy.0 = Release|iPhoneSimulator
		{6DDACCAF-C90C-4107-A6CF-860BBE6AF634}.Release|x64.ActiveCfg = Release|iPhoneSimulator
		{6DDACCAF-C90C-4107-A6CF-860BBE6AF634}.Release|x64.Build.0 = Release|iPhoneSimulator
		{6DDACCAF-C90C-4107-A6CF-860BBE6AF634}.Release|x64.Deploy.0 = Release|iPhoneSimulator
		{6DDACCAF-C90C-4107-A6CF-860BBE6AF634}.Release|x86.ActiveCfg = Release|iPhoneSimulator
		{6DDACCAF-C90C-4107-A6CF-860BBE6AF634}.Release|x86.Build.0 = Release|iPhoneSimulator
		{6DDACCAF-C90C-4107-A6CF-860BBE6AF634}.Release|x86.Deploy.0 = Release|iPhoneSimulator
		{183B47A1-D35B-4E5A-A99C-C68D677933A1}.Debug|Any CPU.ActiveCfg = Debug|Any CPU
		{183B47A1-D35B-4E5A-A99C-C68D677933A1}.Debug|Any CPU.Build.0 = Debug|Any CPU
		{183B47A1-D35B-4E5A-A99C-C68D677933A1}.Debug|Any CPU.Deploy.0 = Debug|Any CPU
		{183B47A1-D35B-4E5A-A99C-C68D677933A1}.Debug|ARM.ActiveCfg = Debug|Any CPU
		{183B47A1-D35B-4E5A-A99C-C68D677933A1}.Debug|ARM.Build.0 = Debug|Any CPU
		{183B47A1-D35B-4E5A-A99C-C68D677933A1}.Debug|ARM.Deploy.0 = Debug|Any CPU
		{183B47A1-D35B-4E5A-A99C-C68D677933A1}.Debug|iPhone.ActiveCfg = Debug|Any CPU
		{183B47A1-D35B-4E5A-A99C-C68D677933A1}.Debug|iPhone.Build.0 = Debug|Any CPU
		{183B47A1-D35B-4E5A-A99C-C68D677933A1}.Debug|iPhone.Deploy.0 = Debug|Any CPU
		{183B47A1-D35B-4E5A-A99C-C68D677933A1}.Debug|iPhoneSimulator.ActiveCfg = Debug|Any CPU
		{183B47A1-D35B-4E5A-A99C-C68D677933A1}.Debug|iPhoneSimulator.Build.0 = Debug|Any CPU
		{183B47A1-D35B-4E5A-A99C-C68D677933A1}.Debug|iPhoneSimulator.Deploy.0 = Debug|Any CPU
		{183B47A1-D35B-4E5A-A99C-C68D677933A1}.Debug|x64.ActiveCfg = Debug|Any CPU
		{183B47A1-D35B-4E5A-A99C-C68D677933A1}.Debug|x64.Build.0 = Debug|Any CPU
		{183B47A1-D35B-4E5A-A99C-C68D677933A1}.Debug|x64.Deploy.0 = Debug|Any CPU
		{183B47A1-D35B-4E5A-A99C-C68D677933A1}.Debug|x86.ActiveCfg = Debug|Any CPU
		{183B47A1-D35B-4E5A-A99C-C68D677933A1}.Debug|x86.Build.0 = Debug|Any CPU
		{183B47A1-D35B-4E5A-A99C-C68D677933A1}.Debug|x86.Deploy.0 = Debug|Any CPU
		{183B47A1-D35B-4E5A-A99C-C68D677933A1}.Release|Any CPU.ActiveCfg = Release|Any CPU
		{183B47A1-D35B-4E5A-A99C-C68D677933A1}.Release|Any CPU.Build.0 = Release|Any CPU
		{183B47A1-D35B-4E5A-A99C-C68D677933A1}.Release|Any CPU.Deploy.0 = Release|Any CPU
		{183B47A1-D35B-4E5A-A99C-C68D677933A1}.Release|ARM.ActiveCfg = Release|Any CPU
		{183B47A1-D35B-4E5A-A99C-C68D677933A1}.Release|ARM.Build.0 = Release|Any CPU
		{183B47A1-D35B-4E5A-A99C-C68D677933A1}.Release|ARM.Deploy.0 = Release|Any CPU
		{183B47A1-D35B-4E5A-A99C-C68D677933A1}.Release|iPhone.ActiveCfg = Release|Any CPU
		{183B47A1-D35B-4E5A-A99C-C68D677933A1}.Release|iPhone.Build.0 = Release|Any CPU
		{183B47A1-D35B-4E5A-A99C-C68D677933A1}.Release|iPhone.Deploy.0 = Release|Any CPU
		{183B47A1-D35B-4E5A-A99C-C68D677933A1}.Release|iPhoneSimulator.ActiveCfg = Release|Any CPU
		{183B47A1-D35B-4E5A-A99C-C68D677933A1}.Release|iPhoneSimulator.Build.0 = Release|Any CPU
		{183B47A1-D35B-4E5A-A99C-C68D677933A1}.Release|iPhoneSimulator.Deploy.0 = Release|Any CPU
		{183B47A1-D35B-4E5A-A99C-C68D677933A1}.Release|x64.ActiveCfg = Release|Any CPU
		{183B47A1-D35B-4E5A-A99C-C68D677933A1}.Release|x64.Build.0 = Release|Any CPU
		{183B47A1-D35B-4E5A-A99C-C68D677933A1}.Release|x64.Deploy.0 = Release|Any CPU
		{183B47A1-D35B-4E5A-A99C-C68D677933A1}.Release|x86.ActiveCfg = Release|Any CPU
		{183B47A1-D35B-4E5A-A99C-C68D677933A1}.Release|x86.Build.0 = Release|Any CPU
		{183B47A1-D35B-4E5A-A99C-C68D677933A1}.Release|x86.Deploy.0 = Release|Any CPU
	EndGlobalSection
	GlobalSection(SolutionProperties) = preSolution
		HideSolutionNode = FALSE
	EndGlobalSection
	GlobalSection(ExtensibilityGlobals) = postSolution
		SolutionGuid = {AABE112B-D671-4593-BF7C-5BE2F99C4FA1}
	EndGlobalSection
EndGlobal
